
Microsoft Visual Studio Solution File, Format Version 12.00
# Visual Studio Version 17
VisualStudioVersion = 17.9.34622.214
MinimumVisualStudioVersion = 10.0.40219.1
Project("{9A19103F-16F7-4668-BE54-9A1E7A4F7556}") = "TimeTrackingApp.App", "TimeTrackingApp.App\TimeTrackingApp.App.csproj", "{B3C37CC9-9C4D-4F24-B2A0-2A8B815C48CF}"
EndProject
Project("{9A19103F-16F7-4668-BE54-9A1E7A4F7556}") = "TimeTrackingApp.Domain", "TimeTrackingApp.Domain\TimeTrackingApp.Domain.csproj", "{D054F2A9-FEA1-4326-BB21-56F5ABFCC64C}"
EndProject
Project("{9A19103F-16F7-4668-BE54-9A1E7A4F7556}") = "TimeTrackingApp.Helpers", "TimeTrackingApp.Helpers\TimeTrackingApp.Helpers.csproj", "{CA0343F9-55DD-4DB3-B19F-29037F990DA1}"
EndProject
Project("{9A19103F-16F7-4668-BE54-9A1E7A4F7556}") = "TimeTrackingApp.Service", "TimeTrackingApp.Service\TimeTrackingApp.Service.csproj", "{B034CE08-2CDA-4F1A-BEB1-4479664E1CFF}"
EndProject
Project("{9A19103F-16F7-4668-BE54-9A1E7A4F7556}") = "TimeTrackingApp.DataAccess", "TimeTrackingApp.DataBase\TimeTrackingApp.DataAccess.csproj", "{9A0EC189-A218-4AD8-BA38-E68D72F92223}"
EndProject
Global
	GlobalSection(SolutionConfigurationPlatforms) = preSolution
		Debug|Any CPU = Debug|Any CPU
		Release|Any CPU = Release|Any CPU
	EndGlobalSection
	GlobalSection(ProjectConfigurationPlatforms) = postSolution
		{B3C37CC9-9C4D-4F24-B2A0-2A8B815C48CF}.Debug|Any CPU.ActiveCfg = Debug|Any CPU
		{B3C37CC9-9C4D-4F24-B2A0-2A8B815C48CF}.Debug|Any CPU.Build.0 = Debug|Any CPU
		{B3C37CC9-9C4D-4F24-B2A0-2A8B815C48CF}.Release|Any CPU.ActiveCfg = Release|Any CPU
		{B3C37CC9-9C4D-4F24-B2A0-2A8B815C48CF}.Release|Any CPU.Build.0 = Release|Any CPU
		{D054F2A9-FEA1-4326-BB21-56F5ABFCC64C}.Debug|Any CPU.ActiveCfg = Debug|Any CPU
		{D054F2A9-FEA1-4326-BB21-56F5ABFCC64C}.Debug|Any CPU.Build.0 = Debug|Any CPU
		{D054F2A9-FEA1-4326-BB21-56F5ABFCC64C}.Release|Any CPU.ActiveCfg = Release|Any CPU
		{D054F2A9-FEA1-4326-BB21-56F5ABFCC64C}.Release|Any CPU.Build.0 = Release|Any CPU
		{CA0343F9-55DD-4DB3-B19F-29037F990DA1}.Debug|Any CPU.ActiveCfg = Debug|Any CPU
		{CA0343F9-55DD-4DB3-B19F-29037F990DA1}.Debug|Any CPU.Build.0 = Debug|Any CPU
		{CA0343F9-55DD-4DB3-B19F-29037F990DA1}.Release|Any CPU.ActiveCfg = Release|Any CPU
		{CA0343F9-55DD-4DB3-B19F-29037F990DA1}.Release|Any CPU.Build.0 = Release|Any CPU
		{B034CE08-2CDA-4F1A-BEB1-4479664E1CFF}.Debug|Any CPU.ActiveCfg = Debug|Any CPU
		{B034CE08-2CDA-4F1A-BEB1-4479664E1CFF}.Debug|Any CPU.Build.0 = Debug|Any CPU
		{B034CE08-2CDA-4F1A-BEB1-4479664E1CFF}.Release|Any CPU.ActiveCfg = Release|Any CPU
		{B034CE08-2CDA-4F1A-BEB1-4479664E1CFF}.Release|Any CPU.Build.0 = Release|Any CPU
		{9A0EC189-A218-4AD8-BA38-E68D72F92223}.Debug|Any CPU.ActiveCfg = Debug|Any CPU
		{9A0EC189-A218-4AD8-BA38-E68D72F92223}.Debug|Any CPU.Build.0 = Debug|Any CPU
		{9A0EC189-A218-4AD8-BA38-E68D72F92223}.Release|Any CPU.ActiveCfg = Release|Any CPU
		{9A0EC189-A218-4AD8-BA38-E68D72F92223}.Release|Any CPU.Build.0 = Release|Any CPU
	EndGlobalSection
	GlobalSection(SolutionProperties) = preSolution
		HideSolutionNode = FALSE
	EndGlobalSection
	GlobalSection(ExtensibilityGlobals) = postSolution
		SolutionGuid = {99033236-2FF9-4350-B9EE-A0D0ADA84FBC}
	EndGlobalSection
EndGlobal
